<?xml version="1.0" encoding="utf-8"?>
<Project ToolsVersion="4.0" xmlns="http://schemas.microsoft.com/developer/msbuild/2003">
  <ItemGroup>
    <Filter Include="include">
      <UniqueIdentifier>{8a249fa8-d30a-4bbe-886f-748fadf422fd}</UniqueIdentifier>
    </Filter>
    <Filter Include="src">
      <UniqueIdentifier>{e9b31890-c703-48ae-a5c8-9fcd7804bbea}</UniqueIdentifier>
    </Filter>
    <Filter Include="include\apiutil">
      <UniqueIdentifier>{b7e70271-f9f1-4179-8009-123930b8b9b3}</UniqueIdentifier>
    </Filter>
    <Filter Include="include\optimization">
      <UniqueIdentifier>{f9ddf4b3-d45d-40e3-bcb2-ff9945cca234}</UniqueIdentifier>
    </Filter>
    <Filter Include="src\apiutil">
      <UniqueIdentifier>{58ec1a32-ae5f-4c3f-bce5-592d4801ee4e}</UniqueIdentifier>
    </Filter>
    <Filter Include="src\optimization">
      <UniqueIdentifier>{153bec58-e183-4833-a323-02a94a44016f}</UniqueIdentifier>
    </Filter>
    <Filter Include="include\settings">
      <UniqueIdentifier>{9f9197b6-ff0e-47b0-baf4-a33eec817397}</UniqueIdentifier>
    </Filter>
    <Filter Include="src\settings">
      <UniqueIdentifier>{6d830652-739c-4abe-8fd8-5ddb96ca78fd}</UniqueIdentifier>
    </Filter>
    <Filter Include="include\glutil">
      <UniqueIdentifier>{798a3128-d1cf-4aef-b1a0-3e90b4fa8735}</UniqueIdentifier>
    </Filter>
    <Filter Include="src\glutil">
      <UniqueIdentifier>{dd0ba260-0508-47cc-89fc-b539c466ffe9}</UniqueIdentifier>
    </Filter>
  </ItemGroup>
  <ItemGroup>
    <ClInclude Include="$(MSBuildThisFileDirectory)include\apiutil\AutomationBaseEvent.hpp">
      <Filter>include\apiutil</Filter>
    </ClInclude>
    <ClInclude Include="$(MSBuildThisFileDirectory)include\apiutil\ConstraintsCreator.hpp">
      <Filter>include\apiutil</Filter>
    </ClInclude>
    <ClInclude Include="$(MSBuildThisFileDirectory)include\apiutil\Macro.hpp">
      <Filter>include\apiutil</Filter>
    </ClInclude>
    <ClInclude Include="$(MSBuildThisFileDirectory)include\apiutil\PropertyManagerEvent.hpp">
      <Filter>include\apiutil</Filter>
    </ClInclude>
    <ClInclude Include="$(MSBuildThisFileDirectory)include\apiutil\PropertyManagerObject.hpp">
      <Filter>include\apiutil</Filter>
    </ClInclude>
    <ClInclude Include="$(MSBuildThisFileDirectory)include\apiutil\Sketch.hpp">
      <Filter>include\apiutil</Filter>
    </ClInclude>
    <ClInclude Include="$(MSBuildThisFileDirectory)include\optimization\bridgeHole.hpp">
      <Filter>include\optimization</Filter>
    </ClInclude>
    <ClInclude Include="$(MSBuildThisFileDirectory)include\optimization\circleHorizontalHoles.hpp">
      <Filter>include\optimization</Filter>
    </ClInclude>
    <ClInclude Include="$(MSBuildThisFileDirectory)include\optimization\elephantFoot.hpp">
      <Filter>include\optimization</Filter>
    </ClInclude>
    <ClInclude Include="$(MSBuildThisFileDirectory)include\optimization\rounding.hpp">
      <Filter>include\optimization</Filter>
    </ClInclude>
    <ClInclude Include="$(MSBuildThisFileDirectory)include\optimization\roundingEdgesOnPrintFace.hpp">
      <Filter>include\optimization</Filter>
    </ClInclude>
    <ClInclude Include="$(MSBuildThisFileDirectory)include\concaveAngle.hpp">
      <Filter>include</Filter>
    </ClInclude>
    <ClInclude Include="$(MSBuildThisFileDirectory)include\LinAlg.hpp">
      <Filter>include</Filter>
    </ClInclude>
    <ClInclude Include="$(MSBuildThisFileDirectory)include\Optional.hpp">
      <Filter>include</Filter>
    </ClInclude>
    <ClInclude Include="$(MSBuildThisFileDirectory)include\utils.hpp">
      <Filter>include</Filter>
    </ClInclude>
    <ClInclude Include="$(MSBuildThisFileDirectory)include\settings\DocumentData.hpp">
      <Filter>include\settings</Filter>
    </ClInclude>
    <ClInclude Include="$(MSBuildThisFileDirectory)include\settings\DocumentsManager.hpp">
      <Filter>include\settings</Filter>
    </ClInclude>
    <ClInclude Include="$(MSBuildThisFileDirectory)include\settings\Setting.hpp">
      <Filter>include\settings</Filter>
    </ClInclude>
    <ClInclude Include="$(MSBuildThisFileDirectory)include\settings\PrintSurface.hpp">
      <Filter>include\settings</Filter>
    </ClInclude>
    <ClInclude Include="$(MSBuildThisFileDirectory)include\settings\SettingsManager.hpp">
      <Filter>include\settings</Filter>
    </ClInclude>
    <ClInclude Include="$(MSBuildThisFileDirectory)include\settings\SettingInitializer.hpp">
      <Filter>include\settings</Filter>
    </ClInclude>
    <ClInclude Include="$(MSBuildThisFileDirectory)include\apiutil\DocumentFrameEvent.hpp">
      <Filter>include\apiutil</Filter>
    </ClInclude>
    <ClInclude Include="$(MSBuildThisFileDirectory)include\glutil\Shader.hpp">
      <Filter>include\glutil</Filter>
    </ClInclude>
    <ClInclude Include="$(MSBuildThisFileDirectory)include\shaders.hpp">
      <Filter>include</Filter>
    </ClInclude>
  </ItemGroup>
  <ItemGroup>
    <ClCompile Include="$(MSBuildThisFileDirectory)src\concaveAngle.cpp">
      <Filter>src</Filter>
    </ClCompile>
    <ClCompile Include="$(MSBuildThisFileDirectory)src\LinAlg.cpp">
      <Filter>src</Filter>
    </ClCompile>
    <ClCompile Include="$(MSBuildThisFileDirectory)src\utils.cpp">
      <Filter>src</Filter>
    </ClCompile>
    <ClCompile Include="$(MSBuildThisFileDirectory)src\optimization\bridgeHole.cpp">
      <Filter>src\optimization</Filter>
    </ClCompile>
    <ClCompile Include="$(MSBuildThisFileDirectory)src\optimization\circleHorizontalHoles.cpp">
      <Filter>src\optimization</Filter>
    </ClCompile>
    <ClCompile Include="$(MSBuildThisFileDirectory)src\optimization\elephantFoot.cpp">
      <Filter>src\optimization</Filter>
    </ClCompile>
    <ClCompile Include="$(MSBuildThisFileDirectory)src\optimization\rounding.cpp">
      <Filter>src\optimization</Filter>
    </ClCompile>
    <ClCompile Include="$(MSBuildThisFileDirectory)src\optimization\roundingEdgesOnPrintFace.cpp">
      <Filter>src\optimization</Filter>
    </ClCompile>
    <ClCompile Include="$(MSBuildThisFileDirectory)src\apiutil\AutomationBaseEvent.cpp">
      <Filter>src\apiutil</Filter>
    </ClCompile>
    <ClCompile Include="$(MSBuildThisFileDirectory)src\apiutil\ConstraintsCreator.cpp">
      <Filter>src\apiutil</Filter>
    </ClCompile>
    <ClCompile Include="$(MSBuildThisFileDirectory)src\apiutil\Macro.cpp">
      <Filter>src\apiutil</Filter>
    </ClCompile>
    <ClCompile Include="$(MSBuildThisFileDirectory)src\apiutil\PropertyManagerEvent.cpp">
      <Filter>src\apiutil</Filter>
    </ClCompile>
    <ClCompile Include="$(MSBuildThisFileDirectory)src\apiutil\PropertyManagerObject.cpp">
      <Filter>src\apiutil</Filter>
    </ClCompile>
    <ClCompile Include="$(MSBuildThisFileDirectory)src\apiutil\Sketch.cpp">
      <Filter>src\apiutil</Filter>
    </ClCompile>
    <ClCompile Include="$(MSBuildThisFileDirectory)src\settings\DocumentData.cpp">
      <Filter>src\settings</Filter>
    </ClCompile>
    <ClCompile Include="$(MSBuildThisFileDirectory)src\settings\DocumentsManager.cpp">
      <Filter>src\settings</Filter>
    </ClCompile>
    <ClCompile Include="$(MSBuildThisFileDirectory)src\settings\Setting.cpp">
      <Filter>src\settings</Filter>
    </ClCompile>
    <ClCompile Include="$(MSBuildThisFileDirectory)src\settings\PrintSurface.cpp">
      <Filter>src\settings</Filter>
    </ClCompile>
    <ClCompile Include="$(MSBuildThisFileDirectory)src\settings\SettingsManager.cpp">
      <Filter>src\settings</Filter>
    </ClCompile>
    <ClCompile Include="$(MSBuildThisFileDirectory)src\settings\SettingInitializer.cpp">
      <Filter>src\settings</Filter>
    </ClCompile>
    <ClCompile Include="$(MSBuildThisFileDirectory)src\apiutil\DocumentFrameEvent.cpp">
      <Filter>src\apiutil</Filter>
    </ClCompile>
    <ClCompile Include="$(MSBuildThisFileDirectory)src\glutil\Shader.cpp">
      <Filter>src\glutil</Filter>
    </ClCompile>
  </ItemGroup>
</Project>