<?xml version="1.0" encoding="utf-8"?>
<Project ToolsVersion="4.0" xmlns="http://schemas.microsoft.com/developer/msbuild/2003">
  <ItemGroup>
    <ClCompile Include="src\connection.cpp">
      <Filter>console\src</Filter>
    </ClCompile>
    <ClCompile Include="src\main.cpp">
      <Filter>console\src</Filter>
    </ClCompile>
    <ClCompile Include="src\stdafx.cpp">
      <Filter>console\src</Filter>
    </ClCompile>
    <ClCompile Include="..\general\src\concaveAngle.cpp">
      <Filter>general\src</Filter>
    </ClCompile>
    <ClCompile Include="..\general\src\optimizeBridgeHole.cpp">
      <Filter>general\src</Filter>
    </ClCompile>
    <ClCompile Include="..\general\src\optimizeCircleHorizontalHoles.cpp">
      <Filter>general\src</Filter>
    </ClCompile>
    <ClCompile Include="..\general\src\optimizeElephantFoot.cpp">
      <Filter>general\src</Filter>
    </ClCompile>
    <ClCompile Include="..\general\src\optimizeRounding.cpp">
      <Filter>general\src</Filter>
    </ClCompile>
    <ClCompile Include="..\general\src\optimizeRoundingEdgesOnPrintFace.cpp">
      <Filter>general\src</Filter>
    </ClCompile>
    <ClCompile Include="..\general\src\selectPlane.cpp">
      <Filter>general\src</Filter>
    </ClCompile>
    <ClCompile Include="..\general\src\utils.cpp">
      <Filter>general\src</Filter>
    </ClCompile>
  </ItemGroup>
  <ItemGroup>
    <ClInclude Include="include\connection.hpp">
      <Filter>console\include</Filter>
    </ClInclude>
    <ClInclude Include="include\stdafx.h">
      <Filter>console\include</Filter>
    </ClInclude>
    <ClInclude Include="..\general\include\concaveAngle.hpp">
      <Filter>general\include</Filter>
    </ClInclude>
    <ClInclude Include="..\general\include\optimizeBridgeHole.hpp">
      <Filter>general\include</Filter>
    </ClInclude>
    <ClInclude Include="..\general\include\optimizeCircleHorizontalHoles.hpp">
      <Filter>general\include</Filter>
    </ClInclude>
    <ClInclude Include="..\general\include\optimizeElephantFoot.hpp">
      <Filter>general\include</Filter>
    </ClInclude>
    <ClInclude Include="..\general\include\optimizeRounding.hpp">
      <Filter>general\include</Filter>
    </ClInclude>
    <ClInclude Include="..\general\include\optimizeRoundingEdgesOnPrintFace.hpp">
      <Filter>general\include</Filter>
    </ClInclude>
    <ClInclude Include="..\general\include\selectPlane.hpp">
      <Filter>general\include</Filter>
    </ClInclude>
    <ClInclude Include="..\general\include\utils.hpp">
      <Filter>general\include</Filter>
    </ClInclude>
  </ItemGroup>
  <ItemGroup>
    <Filter Include="console">
      <UniqueIdentifier>{f9c06c74-6d91-493d-878b-bd256d5ae8e5}</UniqueIdentifier>
    </Filter>
    <Filter Include="console\include">
      <UniqueIdentifier>{27004fcd-b595-4aae-accb-81bbd7a22727}</UniqueIdentifier>
    </Filter>
    <Filter Include="console\src">
      <UniqueIdentifier>{97d6afce-00fd-4539-9fad-552ea27e7bdc}</UniqueIdentifier>
    </Filter>
    <Filter Include="general">
      <UniqueIdentifier>{fdccbcde-f11b-4e70-992a-83ac6174cc25}</UniqueIdentifier>
    </Filter>
    <Filter Include="general\src">
      <UniqueIdentifier>{10f2f7d3-b526-421e-b231-4d6285e03b42}</UniqueIdentifier>
    </Filter>
    <Filter Include="general\include">
      <UniqueIdentifier>{98df2fb1-aabb-479c-82a8-0dd8feaf7a5a}</UniqueIdentifier>
    </Filter>
  </ItemGroup>
</Project>